
Microsoft Visual Studio Solution File, Format Version 12.00
# Visual Studio Version 16
VisualStudioVersion = 16.0.30128.74
MinimumVisualStudioVersion = 10.0.40219.1
Project("{FAE04EC0-301F-11D3-BF4B-00C04F79EFBC}") = "Impacta.Alunos", "Impacta.Alunos\Impacta.Alunos.csproj", "{BAB6B796-203B-4A99-9FEA-F51D3AB3EEAA}"
EndProject
Project("{2150E333-8FDC-42A3-9474-1A3956D46DE8}") = "Solution Items", "Solution Items", "{5FAF7B50-D5F0-4A74-ABFA-DC58640603FA}"
	ProjectSection(SolutionItems) = preProject
		README.md = README.md
	EndProjectSection
EndProject
Global
	GlobalSection(SolutionConfigurationPlatforms) = preSolution
		Debug|Any CPU = Debug|Any CPU
		Release|Any CPU = Release|Any CPU
	EndGlobalSection
	GlobalSection(ProjectConfigurationPlatforms) = postSolution
		{BAB6B796-203B-4A99-9FEA-F51D3AB3EEAA}.Debug|Any CPU.ActiveCfg = Debug|Any CPU
		{BAB6B796-203B-4A99-9FEA-F51D3AB3EEAA}.Debug|Any CPU.Build.0 = Debug|Any CPU
		{BAB6B796-203B-4A99-9FEA-F51D3AB3EEAA}.Release|Any CPU.ActiveCfg = Release|Any CPU
		{BAB6B796-203B-4A99-9FEA-F51D3AB3EEAA}.Release|Any CPU.Build.0 = Release|Any CPU
	EndGlobalSection
	GlobalSection(SolutionProperties) = preSolution
		HideSolutionNode = FALSE
	EndGlobalSection
	GlobalSection(ExtensibilityGlobals) = postSolution
		SolutionGuid = {E749385B-E4B4-4910-AB81-046733D50408}
	EndGlobalSection
EndGlobal
